
Microsoft Visual Studio Solution File, Format Version 12.00
# Visual Studio Version 16
VisualStudioVersion = 16.0.30114.105
MinimumVisualStudioVersion = 10.0.40219.1
Project("{FAE04EC0-301F-11D3-BF4B-00C04F79EFBC}") = "Presentation", "Presentation\Presentation.csproj", "{DE878080-4EE6-43B1-95D2-2CF91FC5BF1F}"
EndProject
Project("{FAE04EC0-301F-11D3-BF4B-00C04F79EFBC}") = "Domain", "Domain\Domain.csproj", "{7080E10E-5D71-4107-A613-0849BC7D3C01}"
EndProject
Project("{FAE04EC0-301F-11D3-BF4B-00C04F79EFBC}") = "Data", "Data\Data.csproj", "{3137B2AE-4A5D-4772-B1C0-0C3E76221DE5}"
EndProject
Project("{FAE04EC0-301F-11D3-BF4B-00C04F79EFBC}") = "Temp", "Temp\Temp.csproj", "{7A704256-94D8-4CC6-ABD7-BA45D4EC4657}"
EndProject
Global
	GlobalSection(SolutionConfigurationPlatforms) = preSolution
		Debug|Any CPU = Debug|Any CPU
		Release|Any CPU = Release|Any CPU
	EndGlobalSection
	GlobalSection(SolutionProperties) = preSolution
		HideSolutionNode = FALSE
	EndGlobalSection
	GlobalSection(ProjectConfigurationPlatforms) = postSolution
		{DE878080-4EE6-43B1-95D2-2CF91FC5BF1F}.Debug|Any CPU.ActiveCfg = Debug|Any CPU
		{DE878080-4EE6-43B1-95D2-2CF91FC5BF1F}.Debug|Any CPU.Build.0 = Debug|Any CPU
		{DE878080-4EE6-43B1-95D2-2CF91FC5BF1F}.Release|Any CPU.ActiveCfg = Release|Any CPU
		{DE878080-4EE6-43B1-95D2-2CF91FC5BF1F}.Release|Any CPU.Build.0 = Release|Any CPU
		{7080E10E-5D71-4107-A613-0849BC7D3C01}.Debug|Any CPU.ActiveCfg = Debug|Any CPU
		{7080E10E-5D71-4107-A613-0849BC7D3C01}.Debug|Any CPU.Build.0 = Debug|Any CPU
		{7080E10E-5D71-4107-A613-0849BC7D3C01}.Release|Any CPU.ActiveCfg = Release|Any CPU
		{7080E10E-5D71-4107-A613-0849BC7D3C01}.Release|Any CPU.Build.0 = Release|Any CPU
		{3137B2AE-4A5D-4772-B1C0-0C3E76221DE5}.Debug|Any CPU.ActiveCfg = Debug|Any CPU
		{3137B2AE-4A5D-4772-B1C0-0C3E76221DE5}.Debug|Any CPU.Build.0 = Debug|Any CPU
		{3137B2AE-4A5D-4772-B1C0-0C3E76221DE5}.Release|Any CPU.ActiveCfg = Release|Any CPU
		{3137B2AE-4A5D-4772-B1C0-0C3E76221DE5}.Release|Any CPU.Build.0 = Release|Any CPU
		{7A704256-94D8-4CC6-ABD7-BA45D4EC4657}.Debug|Any CPU.ActiveCfg = Debug|Any CPU
		{7A704256-94D8-4CC6-ABD7-BA45D4EC4657}.Debug|Any CPU.Build.0 = Debug|Any CPU
		{7A704256-94D8-4CC6-ABD7-BA45D4EC4657}.Release|Any CPU.ActiveCfg = Release|Any CPU
		{7A704256-94D8-4CC6-ABD7-BA45D4EC4657}.Release|Any CPU.Build.0 = Release|Any CPU
	EndGlobalSection
EndGlobal
